{
  "name": "jpush-phonegap-plugin-vendor-channel",
  "version": "1.0.1",
  "lockfileVersion": 2,
  "requires": true,
  "packages": {
    "": {
      "name": "jpush-phonegap-plugin-vendor-channel",
      "version": "1.0.1",
      "license": "MIT",
      "devDependencies": {
        "cordova-plugin-device": "*"
      }
    },
    "node_modules/cordova-plugin-device": {
      "version": "2.0.3",
      "resolved": "https://registry.npmjs.org/cordova-plugin-device/-/cordova-plugin-device-2.0.3.tgz",
      "integrity": "sha512-Jb3V72btxf3XHpkPQsGdyc8N6tVBYn1vsxSFj43fIz9vonJDUThYPCJJHqk6PX6N4dJw6I4FjxkpfCR4LDYMlw==",
      "dev": true,
      "engines": {
        "cordovaDependencies": {
          "3.0.0": {
            "cordova": ">100"
          }
        }
      }
    }
  },
  "dependencies": {
    "cordova-plugin-device": {
      "version": "2.0.3",
      "resolved": "https://registry.npmjs.org/cordova-plugin-device/-/cordova-plugin-device-2.0.3.tgz",
      "integrity": "sha512-Jb3V72btxf3XHpkPQsGdyc8N6tVBYn1vsxSFj43fIz9vonJDUThYPCJJHqk6PX6N4dJw6I4FjxkpfCR4LDYMlw==",
      "dev": true
    }
  }
}
